
Microsoft Visual Studio Solution File, Format Version 12.00
# Visual Studio Version 16
VisualStudioVersion = 16.0.31702.278
MinimumVisualStudioVersion = 10.0.40219.1
Project("{FAE04EC0-301F-11D3-BF4B-00C04F79EFBC}") = "CrudCliente2", "CrudCliente2\CrudCliente2.csproj", "{59E840AB-0323-4547-A70A-303BC6B8F908}"
EndProject
Global
	GlobalSection(SolutionConfigurationPlatforms) = preSolution
		Debug|Any CPU = Debug|Any CPU
		Release|Any CPU = Release|Any CPU
	EndGlobalSection
	GlobalSection(ProjectConfigurationPlatforms) = postSolution
		{59E840AB-0323-4547-A70A-303BC6B8F908}.Debug|Any CPU.ActiveCfg = Debug|Any CPU
		{59E840AB-0323-4547-A70A-303BC6B8F908}.Debug|Any CPU.Build.0 = Debug|Any CPU
		{59E840AB-0323-4547-A70A-303BC6B8F908}.Release|Any CPU.ActiveCfg = Release|Any CPU
		{59E840AB-0323-4547-A70A-303BC6B8F908}.Release|Any CPU.Build.0 = Release|Any CPU
	EndGlobalSection
	GlobalSection(SolutionProperties) = preSolution
		HideSolutionNode = FALSE
	EndGlobalSection
	GlobalSection(ExtensibilityGlobals) = postSolution
		SolutionGuid = {CD68F3B1-CAC8-4A8A-8889-D45C3C4CD9DB}
	EndGlobalSection
EndGlobal
